// !$*UTF8*$!
{
	archiveVersion = 1;
	classes = {
	};
	objectVersion = 46;
	objects = {

/* Begin PBXBuildFile section */
		C43EBABF1B4E0118004378BB /* main.m in Sources */ = {isa = PBXBuildFile; fileRef = C43EBABE1B4E0118004378BB /* main.m */; };
		C43EBAC21B4E0118004378BB /* AppDelegate.m in Sources */ = {isa = PBXBuildFile; fileRef = C43EBAC11B4E0118004378BB /* AppDelegate.m */; };
		C43EBAC51B4E0118004378BB /* ViewController.m in Sources */ = {isa = PBXBuildFile; fileRef = C43EBAC41B4E0118004378BB /* ViewController.m */; };
		C43EBAC81B4E0118004378BB /* Main.storyboard in Resources */ = {isa = PBXBuildFile; fileRef = C43EBAC61B4E0118004378BB /* Main.storyboard */; };
		C43EBACA1B4E0118004378BB /* Images.xcassets in Resources */ = {isa = PBXBuildFile; fileRef = C43EBAC91B4E0118004378BB /* Images.xcassets */; };
		C43EBACD1B4E0118004378BB /* LaunchScreen.xib in Resources */ = {isa = PBXBuildFile; fileRef = C43EBACB1B4E0118004378BB /* LaunchScreen.xib */; };
		C43EBAD91B4E0118004378BB /* iOSJunkMetalTests.m in Sources */ = {isa = PBXBuildFile; fileRef = C43EBAD81B4E0118004378BB /* iOSJunkMetalTests.m */; };
		C43EBAE51B4E055B004378BB /* Metal.framework in Frameworks */ = {isa = PBXBuildFile; fileRef = C43EBAE41B4E055B004378BB /* Metal.framework */; };
		C4FDB4F91B4E1BA300AC3DBD /* MetalKit.framework in Frameworks */ = {isa = PBXBuildFile; fileRef = C4FDB4F81B4E1BA300AC3DBD /* MetalKit.framework */; };
		C4FDB4FB1B4E1BA800AC3DBD /* MetalPerformanceShaders.framework in Frameworks */ = {isa = PBXBuildFile; fileRef = C4FDB4FA1B4E1BA800AC3DBD /* MetalPerformanceShaders.framework */; };
		C4FDB4FE1B4E22D600AC3DBD /* shaders.metal in Sources */ = {isa = PBXBuildFile; fileRef = C4FDB4FD1B4E22D600AC3DBD /* shaders.metal */; };
/* End PBXBuildFile section */

/* Begin PBXContainerItemProxy section */
		C43EBAD31B4E0118004378BB /* PBXContainerItemProxy */ = {
			isa = PBXContainerItemProxy;
			containerPortal = C43EBAB11B4E0118004378BB /* Project object */;
			proxyType = 1;
			remoteGlobalIDString = C43EBAB81B4E0118004378BB;
			remoteInfo = iOSJunkMetal;
		};
/* End PBXContainerItemProxy section */

/* Begin PBXFileReference section */
		C43EBAB91B4E0118004378BB /* iOSJunkMetal.app */ = {isa = PBXFileReference; explicitFileType = wrapper.application; includeInIndex = 0; path = iOSJunkMetal.app; sourceTree = BUILT_PRODUCTS_DIR; };
		C43EBABD1B4E0118004378BB /* Info.plist */ = {isa = PBXFileReference; lastKnownFileType = text.plist.xml; path = Info.plist; sourceTree = "<group>"; };
		C43EBABE1B4E0118004378BB /* main.m */ = {isa = PBXFileReference; lastKnownFileType = sourcecode.c.objc; path = main.m; sourceTree = "<group>"; };
		C43EBAC01B4E0118004378BB /* AppDelegate.h */ = {isa = PBXFileReference; lastKnownFileType = sourcecode.c.h; path = AppDelegate.h; sourceTree = "<group>"; };
		C43EBAC11B4E0118004378BB /* AppDelegate.m */ = {isa = PBXFileReference; lastKnownFileType = sourcecode.c.objc; path = AppDelegate.m; sourceTree = "<group>"; };
		C43EBAC31B4E0118004378BB /* ViewController.h */ = {isa = PBXFileReference; lastKnownFileType = sourcecode.c.h; path = ViewController.h; sourceTree = "<group>"; };
		C43EBAC41B4E0118004378BB /* ViewController.m */ = {isa = PBXFileReference; lastKnownFileType = sourcecode.c.objc; path = ViewController.m; sourceTree = "<group>"; };
		C43EBAC71B4E0118004378BB /* Base */ = {isa = PBXFileReference; lastKnownFileType = file.storyboard; name = Base; path = Base.lproj/Main.storyboard; sourceTree = "<group>"; };
		C43EBAC91B4E0118004378BB /* Images.xcassets */ = {isa = PBXFileReference; lastKnownFileType = folder.assetcatalog; path = Images.xcassets; sourceTree = "<group>"; };
		C43EBACC1B4E0118004378BB /* Base */ = {isa = PBXFileReference; lastKnownFileType = file.xib; name = Base; path = Base.lproj/LaunchScreen.xib; sourceTree = "<group>"; };
		C43EBAD21B4E0118004378BB /* iOSJunkMetalTests.xctest */ = {isa = PBXFileReference; explicitFileType = wrapper.cfbundle; includeInIndex = 0; path = iOSJunkMetalTests.xctest; sourceTree = BUILT_PRODUCTS_DIR; };
		C43EBAD71B4E0118004378BB /* Info.plist */ = {isa = PBXFileReference; lastKnownFileType = text.plist.xml; path = Info.plist; sourceTree = "<group>"; };
		C43EBAD81B4E0118004378BB /* iOSJunkMetalTests.m */ = {isa = PBXFileReference; lastKnownFileType = sourcecode.c.objc; path = iOSJunkMetalTests.m; sourceTree = "<group>"; };
		C43EBAE41B4E055B004378BB /* Metal.framework */ = {isa = PBXFileReference; lastKnownFileType = wrapper.framework; name = Metal.framework; path = System/Library/Frameworks/Metal.framework; sourceTree = SDKROOT; };
		C4FDB4F81B4E1BA300AC3DBD /* MetalKit.framework */ = {isa = PBXFileReference; lastKnownFileType = wrapper.framework; name = MetalKit.framework; path = System/Library/Frameworks/MetalKit.framework; sourceTree = SDKROOT; };
		C4FDB4FA1B4E1BA800AC3DBD /* MetalPerformanceShaders.framework */ = {isa = PBXFileReference; lastKnownFileType = wrapper.framework; name = MetalPerformanceShaders.framework; path = System/Library/Frameworks/MetalPerformanceShaders.framework; sourceTree = SDKROOT; };
		C4FDB4FD1B4E22D600AC3DBD /* shaders.metal */ = {isa = PBXFileReference; fileEncoding = 4; lastKnownFileType = sourcecode.metal; name = shaders.metal; path = shaders/shaders.metal; sourceTree = "<group>"; };
/* End PBXFileReference section */

/* Begin PBXFrameworksBuildPhase section */
		C43EBAB61B4E0118004378BB /* Frameworks */ = {
			isa = PBXFrameworksBuildPhase;
			buildActionMask = 2147483647;
			files = (
				C4FDB4FB1B4E1BA800AC3DBD /* MetalPerformanceShaders.framework in Frameworks */,
				C4FDB4F91B4E1BA300AC3DBD /* MetalKit.framework in Frameworks */,
				C43EBAE51B4E055B004378BB /* Metal.framework in Frameworks */,
			);
			runOnlyForDeploymentPostprocessing = 0;
		};
		C43EBACF1B4E0118004378BB /* Frameworks */ = {
			isa = PBXFrameworksBuildPhase;
			buildActionMask = 2147483647;
			files = (
			);
			runOnlyForDeploymentPostprocessing = 0;
		};
/* End PBXFrameworksBuildPhase section */

/* Begin PBXGroup section */
		C43EBAB01B4E0118004378BB = {
			isa = PBXGroup;
			children = (
				C43EBAE61B4E0561004378BB /* Frameworks */,
				C43EBABB1B4E0118004378BB /* iOSJunkMetal */,
				C43EBAD51B4E0118004378BB /* iOSJunkMetalTests */,
				C43EBABA1B4E0118004378BB /* Products */,
			);
			sourceTree = "<group>";
		};
		C43EBABA1B4E0118004378BB /* Products */ = {
			isa = PBXGroup;
			children = (
				C43EBAB91B4E0118004378BB /* iOSJunkMetal.app */,
				C43EBAD21B4E0118004378BB /* iOSJunkMetalTests.xctest */,
			);
			name = Products;
			sourceTree = "<group>";
		};
		C43EBABB1B4E0118004378BB /* iOSJunkMetal */ = {
			isa = PBXGroup;
			children = (
				C4FDB4FC1B4E22B700AC3DBD /* shaders */,
				C43EBAC01B4E0118004378BB /* AppDelegate.h */,
				C43EBAC11B4E0118004378BB /* AppDelegate.m */,
				C43EBAC31B4E0118004378BB /* ViewController.h */,
				C43EBAC41B4E0118004378BB /* ViewController.m */,
				C43EBAC61B4E0118004378BB /* Main.storyboard */,
				C43EBAC91B4E0118004378BB /* Images.xcassets */,
				C43EBACB1B4E0118004378BB /* LaunchScreen.xib */,
				C43EBABC1B4E0118004378BB /* Supporting Files */,
			);
			path = iOSJunkMetal;
			sourceTree = "<group>";
		};
		C43EBABC1B4E0118004378BB /* Supporting Files */ = {
			isa = PBXGroup;
			children = (
				C43EBABD1B4E0118004378BB /* Info.plist */,
				C43EBABE1B4E0118004378BB /* main.m */,
			);
			name = "Supporting Files";
			sourceTree = "<group>";
		};
		C43EBAD51B4E0118004378BB /* iOSJunkMetalTests */ = {
			isa = PBXGroup;
			children = (
				C43EBAD81B4E0118004378BB /* iOSJunkMetalTests.m */,
				C43EBAD61B4E0118004378BB /* Supporting Files */,
			);
			path = iOSJunkMetalTests;
			sourceTree = "<group>";
		};
		C43EBAD61B4E0118004378BB /* Supporting Files */ = {
			isa = PBXGroup;
			children = (
				C43EBAD71B4E0118004378BB /* Info.plist */,
			);
			name = "Supporting Files";
			sourceTree = "<group>";
		};
		C43EBAE61B4E0561004378BB /* Frameworks */ = {
			isa = PBXGroup;
			children = (
				C4FDB4FA1B4E1BA800AC3DBD /* MetalPerformanceShaders.framework */,
				C4FDB4F81B4E1BA300AC3DBD /* MetalKit.framework */,
				C43EBAE41B4E055B004378BB /* Metal.framework */,
			);
			name = Frameworks;
			sourceTree = "<group>";
		};
		C4FDB4FC1B4E22B700AC3DBD /* shaders */ = {
			isa = PBXGroup;
			children = (
				C4FDB4FD1B4E22D600AC3DBD /* shaders.metal */,
			);
			name = shaders;
			sourceTree = "<group>";
		};
/* End PBXGroup section */

/* Begin PBXNativeTarget section */
		C43EBAB81B4E0118004378BB /* iOSJunkMetal */ = {
			isa = PBXNativeTarget;
			buildConfigurationList = C43EBADC1B4E0118004378BB /* Build configuration list for PBXNativeTarget "iOSJunkMetal" */;
			buildPhases = (
				C43EBAB51B4E0118004378BB /* Sources */,
				C43EBAB61B4E0118004378BB /* Frameworks */,
				C43EBAB71B4E0118004378BB /* Resources */,
			);
			buildRules = (
			);
			dependencies = (
			);
			name = iOSJunkMetal;
			productName = iOSJunkMetal;
			productReference = C43EBAB91B4E0118004378BB /* iOSJunkMetal.app */;
			productType = "com.apple.product-type.application";
		};
		C43EBAD11B4E0118004378BB /* iOSJunkMetalTests */ = {
			isa = PBXNativeTarget;
			buildConfigurationList = C43EBADF1B4E0118004378BB /* Build configuration list for PBXNativeTarget "iOSJunkMetalTests" */;
			buildPhases = (
				C43EBACE1B4E0118004378BB /* Sources */,
				C43EBACF1B4E0118004378BB /* Frameworks */,
				C43EBAD01B4E0118004378BB /* Resources */,
			);
			buildRules = (
			);
			dependencies = (
				C43EBAD41B4E0118004378BB /* PBXTargetDependency */,
			);
			name = iOSJunkMetalTests;
			productName = iOSJunkMetalTests;
			productReference = C43EBAD21B4E0118004378BB /* iOSJunkMetalTests.xctest */;
			productType = "com.apple.product-type.bundle.unit-test";
		};
/* End PBXNativeTarget section */

/* Begin PBXProject section */
		C43EBAB11B4E0118004378BB /* Project object */ = {
			isa = PBXProject;
			attributes = {
				LastUpgradeCheck = 0630;
				ORGANIZATIONNAME = "Jerry Wong";
				TargetAttributes = {
					C43EBAB81B4E0118004378BB = {
						CreatedOnToolsVersion = 6.3.1;
						DevelopmentTeam = 5KKBRRFCKU;
					};
					C43EBAD11B4E0118004378BB = {
						CreatedOnToolsVersion = 6.3.1;
						TestTargetID = C43EBAB81B4E0118004378BB;
					};
				};
			};
			buildConfigurationList = C43EBAB41B4E0118004378BB /* Build configuration list for PBXProject "iOSJunkMetal" */;
			compatibilityVersion = "Xcode 3.2";
			developmentRegion = English;
			hasScannedForEncodings = 0;
			knownRegions = (
				en,
				Base,
			);
			mainGroup = C43EBAB01B4E0118004378BB;
			productRefGroup = C43EBABA1B4E0118004378BB /* Products */;
			projectDirPath = "";
			projectRoot = "";
			targets = (
				C43EBAB81B4E0118004378BB /* iOSJunkMetal */,
				C43EBAD11B4E0118004378BB /* iOSJunkMetalTests */,
			);
		};
/* End PBXProject section */

/* Begin PBXResourcesBuildPhase section */
		C43EBAB71B4E0118004378BB /* Resources */ = {
			isa = PBXResourcesBuildPhase;
			buildActionMask = 2147483647;
			files = (
				C43EBAC81B4E0118004378BB /* Main.storyboard in Resources */,
				C43EBACD1B4E0118004378BB /* LaunchScreen.xib in Resources */,
				C43EBACA1B4E0118004378BB /* Images.xcassets in Resources */,
			);
			runOnlyForDeploymentPostprocessing = 0;
		};
		C43EBAD01B4E0118004378BB /* Resources */ = {
			isa = PBXResourcesBuildPhase;
			buildActionMask = 2147483647;
			files = (
			);
			runOnlyForDeploymentPostprocessing = 0;
		};
/* End PBXResourcesBuildPhase section */

/* Begin PBXSourcesBuildPhase section */
		C43EBAB51B4E0118004378BB /* Sources */ = {
			isa = PBXSourcesBuildPhase;
			buildActionMask = 2147483647;
			files = (
				C4FDB4FE1B4E22D600AC3DBD /* shaders.metal in Sources */,
				C43EBAC51B4E0118004378BB /* ViewController.m in Sources */,
				C43EBAC21B4E0118004378BB /* AppDelegate.m in Sources */,
				C43EBABF1B4E0118004378BB /* main.m in Sources */,
			);
			runOnlyForDeploymentPostprocessing = 0;
		};
		C43EBACE1B4E0118004378BB /* Sources */ = {
			isa = PBXSourcesBuildPhase;
			buildActionMask = 2147483647;
			files = (
				C43EBAD91B4E0118004378BB /* iOSJunkMetalTests.m in Sources */,
			);
			runOnlyForDeploymentPostprocessing = 0;
		};
/* End PBXSourcesBuildPhase section */

/* Begin PBXTargetDependency section */
		C43EBAD41B4E0118004378BB /* PBXTargetDependency */ = {
			isa = PBXTargetDependency;
			target = C43EBAB81B4E0118004378BB /* iOSJunkMetal */;
			targetProxy = C43EBAD31B4E0118004378BB /* PBXContainerItemProxy */;
		};
/* End PBXTargetDependency section */

/* Begin PBXVariantGroup section */
		C43EBAC61B4E0118004378BB /* Main.storyboard */ = {
			isa = PBXVariantGroup;
			children = (
				C43EBAC71B4E0118004378BB /* Base */,
			);
			name = Main.storyboard;
			sourceTree = "<group>";
		};
		C43EBACB1B4E0118004378BB /* LaunchScreen.xib */ = {
			isa = PBXVariantGroup;
			children = (
				C43EBACC1B4E0118004378BB /* Base */,
			);
			name = LaunchScreen.xib;
			sourceTree = "<group>";
		};
/* End PBXVariantGroup section */

/* Begin XCBuildConfiguration section */
		C43EBADA1B4E0118004378BB /* Debug */ = {
			isa = XCBuildConfiguration;
			buildSettings = {
				ALWAYS_SEARCH_USER_PATHS = NO;
				CLANG_CXX_LANGUAGE_STANDARD = "gnu++0x";
				CLANG_CXX_LIBRARY = "libc++";
				CLANG_ENABLE_MODULES = YES;
				CLANG_ENABLE_OBJC_ARC = YES;
				CLANG_WARN_BOOL_CONVERSION = YES;
				CLANG_WARN_CONSTANT_CONVERSION = YES;
				CLANG_WARN_DIRECT_OBJC_ISA_USAGE = YES_ERROR;
				CLANG_WARN_EMPTY_BODY = YES;
				CLANG_WARN_ENUM_CONVERSION = YES;
				CLANG_WARN_INT_CONVERSION = YES;
				CLANG_WARN_OBJC_ROOT_CLASS = YES_ERROR;
				CLANG_WARN_UNREACHABLE_CODE = YES;
				CLANG_WARN__DUPLICATE_METHOD_MATCH = YES;
				"CODE_SIGN_IDENTITY[sdk=iphoneos*]" = "iPhone Developer";
				COPY_PHASE_STRIP = NO;
				DEBUG_INFORMATION_FORMAT = "dwarf-with-dsym";
				ENABLE_STRICT_OBJC_MSGSEND = YES;
				GCC_C_LANGUAGE_STANDARD = gnu99;
				GCC_DYNAMIC_NO_PIC = NO;
				GCC_NO_COMMON_BLOCKS = YES;
				GCC_OPTIMIZATION_LEVEL = 0;
				GCC_PREPROCESSOR_DEFINITIONS = (
					"DEBUG=1",
					"$(inherited)",
				);
				GCC_SYMBOLS_PRIVATE_EXTERN = NO;
				GCC_WARN_64_TO_32_BIT_CONVERSION = YES;
				GCC_WARN_ABOUT_RETURN_TYPE = YES_ERROR;
				GCC_WARN_UNDECLARED_SELECTOR = YES;
				GCC_WARN_UNINITIALIZED_AUTOS = YES_AGGRESSIVE;
				GCC_WARN_UNUSED_FUNCTION = YES;
				GCC_WARN_UNUSED_VARIABLE = YES;
				IPHONEOS_DEPLOYMENT_TARGET = 8.3;
				MTL_ENABLE_DEBUG_INFO = YES;
				ONLY_ACTIVE_ARCH = YES;
				SDKROOT = iphoneos;
			};
			name = Debug;
		};
		C43EBADB1B4E0118004378BB /* Release */ = {
			isa = XCBuildConfiguration;
			buildSettings = {
				ALWAYS_SEARCH_USER_PATHS = NO;
				CLANG_CXX_LANGUAGE_STANDARD = "gnu++0x";
				CLANG_CXX_LIBRARY = "libc++";
				CLANG_ENABLE_MODULES = YES;
				CLANG_ENABLE_OBJC_ARC = YES;
				CLANG_WARN_BOOL_CONVERSION = YES;
				CLANG_WARN_CONSTANT_CONVERSION = YES;
				CLANG_WARN_DIRECT_OBJC_ISA_USAGE = YES_ERROR;
				CLANG_WARN_EMPTY_BODY = YES;
				CLANG_WARN_ENUM_CONVERSION = YES;
				CLANG_WARN_INT_CONVERSION = YES;
				CLANG_WARN_OBJC_ROOT_CLASS = YES_ERROR;
				CLANG_WARN_UNREACHABLE_CODE = YES;
				CLANG_WARN__DUPLICATE_METHOD_MATCH = YES;
				"CODE_SIGN_IDENTITY[sdk=iphoneos*]" = "iPhone Developer";
				COPY_PHASE_STRIP = NO;
				DEBUG_INFORMATION_FORMAT = "dwarf-with-dsym";
				ENABLE_NS_ASSERTIONS = NO;
				ENABLE_STRICT_OBJC_MSGSEND = YES;
				GCC_C_LANGUAGE_STANDARD = gnu99;
				GCC_NO_COMMON_BLOCKS = YES;
				GCC_WARN_64_TO_32_BIT_CONVERSION = YES;
				GCC_WARN_ABOUT_RETURN_TYPE = YES_ERROR;
				GCC_WARN_UNDECLARED_SELECTOR = YES;
				GCC_WARN_UNINITIALIZED_AUTOS = YES_AGGRESSIVE;
				GCC_WARN_UNUSED_FUNCTION = YES;
				GCC_WARN_UNUSED_VARIABLE = YES;
				IPHONEOS_DEPLOYMENT_TARGET = 8.3;
				MTL_ENABLE_DEBUG_INFO = NO;
				SDKROOT = iphoneos;
				VALIDATE_PRODUCT = YES;
			};
			name = Release;
		};
		C43EBADD1B4E0118004378BB /* Debug */ = {
			isa = XCBuildConfiguration;
			buildSettings = {
				ASSETCATALOG_COMPILER_APPICON_NAME = AppIcon;
				CODE_SIGN_IDENTITY = "iPhone Developer";
				"CODE_SIGN_IDENTITY[sdk=iphoneos*]" = "iPhone Developer";
				INFOPLIST_FILE = iOSJunkMetal/Info.plist;
				LD_RUNPATH_SEARCH_PATHS = "$(inherited) @executable_path/Frameworks";
				PRODUCT_NAME = "$(TARGET_NAME)";
				PROVISIONING_PROFILE = "";
			};
			name = Debug;
		};
		C43EBADE1B4E0118004378BB /* Release */ = {
			isa = XCBuildConfiguration;
			buildSettings = {
				ASSETCATALOG_COMPILER_APPICON_NAME = AppIcon;
				CODE_SIGN_IDENTITY = "iPhone Developer";
				"CODE_SIGN_IDENTITY[sdk=iphoneos*]" = "iPhone Developer";
				INFOPLIST_FILE = iOSJunkMetal/Info.plist;
				LD_RUNPATH_SEARCH_PATHS = "$(inherited) @executable_path/Frameworks";
				PRODUCT_NAME = "$(TARGET_NAME)";
				PROVISIONING_PROFILE = "";
			};
			name = Release;
		};
		C43EBAE01B4E0118004378BB /* Debug */ = {
			isa = XCBuildConfiguration;
			buildSettings = {
				BUNDLE_LOADER = "$(TEST_HOST)";
				FRAMEWORK_SEARCH_PATHS = (
					"$(SDKROOT)/Developer/Library/Frameworks",
					"$(inherited)",
				);
				GCC_PREPROCESSOR_DEFINITIONS = (
					"DEBUG=1",
					"$(inherited)",
				);
				INFOPLIST_FILE = iOSJunkMetalTests/Info.plist;
				LD_RUNPATH_SEARCH_PATHS = "$(inherited) @executable_path/Frameworks @loader_path/Frameworks";
				PRODUCT_NAME = "$(TARGET_NAME)";
				TEST_HOST = "$(BUILT_PRODUCTS_DIR)/iOSJunkMetal.app/iOSJunkMetal";
			};
			name = Debug;
		};
		C43EBAE11B4E0118004378BB /* Release */ = {
			isa = XCBuildConfiguration;
			buildSettings = {
				BUNDLE_LOADER = "$(TEST_HOST)";
				FRAMEWORK_SEARCH_PATHS = (
					"$(SDKROOT)/Developer/Library/Frameworks",
					"$(inherited)",
				);
				INFOPLIST_FILE = iOSJunkMetalTests/Info.plist;
				LD_RUNPATH_SEARCH_PATHS = "$(inherited) @executable_path/Frameworks @loader_path/Frameworks";
				PRODUCT_NAME = "$(TARGET_NAME)";
				TEST_HOST = "$(BUILT_PRODUCTS_DIR)/iOSJunkMetal.app/iOSJunkMetal";
			};
			name = Release;
		};
/* End XCBuildConfiguration section */

/* Begin XCConfigurationList section */
		C43EBAB41B4E0118004378BB /* Build configuration list for PBXProject "iOSJunkMetal" */ = {
			isa = XCConfigurationList;
			buildConfigurations = (
				C43EBADA1B4E0118004378BB /* Debug */,
				C43EBADB1B4E0118004378BB /* Release */,
			);
			defaultConfigurationIsVisible = 0;
			defaultConfigurationName = Release;
		};
		C43EBADC1B4E0118004378BB /* Build configuration list for PBXNativeTarget "iOSJunkMetal" */ = {
			isa = XCConfigurationList;
			buildConfigurations = (
				C43EBADD1B4E0118004378BB /* Debug */,
				C43EBADE1B4E0118004378BB /* Release */,
			);
			defaultConfigurationIsVisible = 0;
			defaultConfigurationName = Release;
		};
		C43EBADF1B4E0118004378BB /* Build configuration list for PBXNativeTarget "iOSJunkMetalTests" */ = {
			isa = XCConfigurationList;
			buildConfigurations = (
				C43EBAE01B4E0118004378BB /* Debug */,
				C43EBAE11B4E0118004378BB /* Release */,
			);
			defaultConfigurationIsVisible = 0;
			defaultConfigurationName = Release;
		};
/* End XCConfigurationList section */
	};
	rootObject = C43EBAB11B4E0118004378BB /* Project object */;
}
